
Microsoft Visual Studio Solution File, Format Version 12.00
Project("{FAE04EC0-301F-11D3-BF4B-00C04F79EFBC}") = "UdpChat", "UdpChat\UdpChat.csproj", "{EF2C5467-F947-4797-9140-DE85FBCA1EBE}"
EndProject
Global
	GlobalSection(SolutionConfigurationPlatforms) = preSolution
		Debug|Any CPU = Debug|Any CPU
		Release|Any CPU = Release|Any CPU
	EndGlobalSection
	GlobalSection(ProjectConfigurationPlatforms) = postSolution
		{EF2C5467-F947-4797-9140-DE85FBCA1EBE}.Debug|Any CPU.ActiveCfg = Debug|Any CPU
		{EF2C5467-F947-4797-9140-DE85FBCA1EBE}.Debug|Any CPU.Build.0 = Debug|Any CPU
		{EF2C5467-F947-4797-9140-DE85FBCA1EBE}.Release|Any CPU.ActiveCfg = Release|Any CPU
		{EF2C5467-F947-4797-9140-DE85FBCA1EBE}.Release|Any CPU.Build.0 = Release|Any CPU
	EndGlobalSection
EndGlobal
